
Microsoft Visual Studio Solution File, Format Version 11.00
# Visual Studio 2010
Project("{FAE04EC0-301F-11D3-BF4B-00C04F79EFBC}") = "01_ASPNET_MVC", "01_ASPNET_MVC\01_ASPNET_MVC.csproj", "{EE4776E3-F01F-4011-8956-3D6E9498A5A5}"
EndProject
Project("{FAE04EC0-301F-11D3-BF4B-00C04F79EFBC}") = "Domain", "Domain\Domain.csproj", "{F877A868-5ED6-4D96-8B21-28D9E9435985}"
EndProject
Global
	GlobalSection(SolutionConfigurationPlatforms) = preSolution
		Debug|Any CPU = Debug|Any CPU
		Release|Any CPU = Release|Any CPU
	EndGlobalSection
	GlobalSection(ProjectConfigurationPlatforms) = postSolution
		{EE4776E3-F01F-4011-8956-3D6E9498A5A5}.Debug|Any CPU.ActiveCfg = Debug|Any CPU
		{EE4776E3-F01F-4011-8956-3D6E9498A5A5}.Debug|Any CPU.Build.0 = Debug|Any CPU
		{EE4776E3-F01F-4011-8956-3D6E9498A5A5}.Release|Any CPU.ActiveCfg = Release|Any CPU
		{EE4776E3-F01F-4011-8956-3D6E9498A5A5}.Release|Any CPU.Build.0 = Release|Any CPU
		{F877A868-5ED6-4D96-8B21-28D9E9435985}.Debug|Any CPU.ActiveCfg = Debug|Any CPU
		{F877A868-5ED6-4D96-8B21-28D9E9435985}.Debug|Any CPU.Build.0 = Debug|Any CPU
		{F877A868-5ED6-4D96-8B21-28D9E9435985}.Release|Any CPU.ActiveCfg = Release|Any CPU
		{F877A868-5ED6-4D96-8B21-28D9E9435985}.Release|Any CPU.Build.0 = Release|Any CPU
	EndGlobalSection
	GlobalSection(SolutionProperties) = preSolution
		HideSolutionNode = FALSE
	EndGlobalSection
EndGlobal
